
Microsoft Visual Studio Solution File, Format Version 12.00
# Visual Studio Version 16
VisualStudioVersion = 16.0.31313.79
MinimumVisualStudioVersion = 10.0.40219.1
Project("{FAE04EC0-301F-11D3-BF4B-00C04F79EFBC}") = "qwewqewqeqw", "qwewqewqeqw\qwewqewqeqw.csproj", "{3B9D2547-1C7A-4DDE-8679-5DAA2A912083}"
EndProject
Global
	GlobalSection(SolutionConfigurationPlatforms) = preSolution
		Debug|Any CPU = Debug|Any CPU
		Release|Any CPU = Release|Any CPU
	EndGlobalSection
	GlobalSection(ProjectConfigurationPlatforms) = postSolution
		{3B9D2547-1C7A-4DDE-8679-5DAA2A912083}.Debug|Any CPU.ActiveCfg = Debug|Any CPU
		{3B9D2547-1C7A-4DDE-8679-5DAA2A912083}.Debug|Any CPU.Build.0 = Debug|Any CPU
		{3B9D2547-1C7A-4DDE-8679-5DAA2A912083}.Release|Any CPU.ActiveCfg = Release|Any CPU
		{3B9D2547-1C7A-4DDE-8679-5DAA2A912083}.Release|Any CPU.Build.0 = Release|Any CPU
	EndGlobalSection
	GlobalSection(SolutionProperties) = preSolution
		HideSolutionNode = FALSE
	EndGlobalSection
	GlobalSection(ExtensibilityGlobals) = postSolution
		SolutionGuid = {7EA40DB3-8552-45E7-9081-69F884565234}
	EndGlobalSection
EndGlobal
